
Microsoft Visual Studio Solution File, Format Version 12.00
# Visual Studio 15
VisualStudioVersion = 15.0.28307.1209
MinimumVisualStudioVersion = 10.0.40219.1
Project("{FAE04EC0-301F-11D3-BF4B-00C04F79EFBC}") = "Lab10", "Lab10\Lab10.csproj", "{B1064F63-AC5C-452C-8A14-7C5FE01CD427}"
EndProject
Project("{FAE04EC0-301F-11D3-BF4B-00C04F79EFBC}") = "Task2", "Task2\Task2.csproj", "{2BF774AB-1243-4187-BAA0-9267430A2417}"
EndProject
Project("{FAE04EC0-301F-11D3-BF4B-00C04F79EFBC}") = "Task3", "Task3\Task3.csproj", "{881A2169-C80E-4FDA-B2A1-D5FCC847B0E5}"
EndProject
Global
	GlobalSection(SolutionConfigurationPlatforms) = preSolution
		Debug|Any CPU = Debug|Any CPU
		Release|Any CPU = Release|Any CPU
	EndGlobalSection
	GlobalSection(ProjectConfigurationPlatforms) = postSolution
		{B1064F63-AC5C-452C-8A14-7C5FE01CD427}.Debug|Any CPU.ActiveCfg = Debug|Any CPU
		{B1064F63-AC5C-452C-8A14-7C5FE01CD427}.Debug|Any CPU.Build.0 = Debug|Any CPU
		{B1064F63-AC5C-452C-8A14-7C5FE01CD427}.Release|Any CPU.ActiveCfg = Release|Any CPU
		{B1064F63-AC5C-452C-8A14-7C5FE01CD427}.Release|Any CPU.Build.0 = Release|Any CPU
		{2BF774AB-1243-4187-BAA0-9267430A2417}.Debug|Any CPU.ActiveCfg = Debug|Any CPU
		{2BF774AB-1243-4187-BAA0-9267430A2417}.Debug|Any CPU.Build.0 = Debug|Any CPU
		{2BF774AB-1243-4187-BAA0-9267430A2417}.Release|Any CPU.ActiveCfg = Release|Any CPU
		{2BF774AB-1243-4187-BAA0-9267430A2417}.Release|Any CPU.Build.0 = Release|Any CPU
		{881A2169-C80E-4FDA-B2A1-D5FCC847B0E5}.Debug|Any CPU.ActiveCfg = Debug|Any CPU
		{881A2169-C80E-4FDA-B2A1-D5FCC847B0E5}.Debug|Any CPU.Build.0 = Debug|Any CPU
		{881A2169-C80E-4FDA-B2A1-D5FCC847B0E5}.Release|Any CPU.ActiveCfg = Release|Any CPU
		{881A2169-C80E-4FDA-B2A1-D5FCC847B0E5}.Release|Any CPU.Build.0 = Release|Any CPU
	EndGlobalSection
	GlobalSection(SolutionProperties) = preSolution
		HideSolutionNode = FALSE
	EndGlobalSection
	GlobalSection(ExtensibilityGlobals) = postSolution
		SolutionGuid = {EBAFED0F-38CE-4ACE-8212-02EBCBF0D60C}
	EndGlobalSection
EndGlobal
